
Microsoft Visual Studio Solution File, Format Version 12.00
# Visual Studio 15
VisualStudioVersion = 15.0.27428.2011
MinimumVisualStudioVersion = 10.0.40219.1
Project("{FAE04EC0-301F-11D3-BF4B-00C04F79EFBC}") = "Conference", "Conference\Conference.csproj", "{560FAE7C-9EC8-4EA4-87CE-C66F17A4D4D4}"
EndProject
Global
	GlobalSection(SolutionConfigurationPlatforms) = preSolution
		Debug|Any CPU = Debug|Any CPU
		Release|Any CPU = Release|Any CPU
	EndGlobalSection
	GlobalSection(ProjectConfigurationPlatforms) = postSolution
		{560FAE7C-9EC8-4EA4-87CE-C66F17A4D4D4}.Debug|Any CPU.ActiveCfg = Debug|Any CPU
		{560FAE7C-9EC8-4EA4-87CE-C66F17A4D4D4}.Debug|Any CPU.Build.0 = Debug|Any CPU
		{560FAE7C-9EC8-4EA4-87CE-C66F17A4D4D4}.Release|Any CPU.ActiveCfg = Release|Any CPU
		{560FAE7C-9EC8-4EA4-87CE-C66F17A4D4D4}.Release|Any CPU.Build.0 = Release|Any CPU
	EndGlobalSection
	GlobalSection(SolutionProperties) = preSolution
		HideSolutionNode = FALSE
	EndGlobalSection
	GlobalSection(ExtensibilityGlobals) = postSolution
		SolutionGuid = {6C7EEE0B-0E94-472E-82C1-148351225465}
	EndGlobalSection
EndGlobal
